
Microsoft Visual Studio Solution File, Format Version 12.00
# Visual Studio Version 17
VisualStudioVersion = 17.1.32228.430
MinimumVisualStudioVersion = 10.0.40219.1
Project("{FAE04EC0-301F-11D3-BF4B-00C04F79EFBC}") = "SampleHtml", "SampleHtml\SampleHtml.csproj", "{089312DA-1415-4A33-A522-CE6BA6C03037}"
EndProject
Project("{FAE04EC0-301F-11D3-BF4B-00C04F79EFBC}") = "SeleniumDemo.POM", "SeleniumDemo.POM\SeleniumDemo.POM.csproj", "{58E11985-9793-4409-AD9C-7701943C2359}"
EndProject
Project("{FAE04EC0-301F-11D3-BF4B-00C04F79EFBC}") = "SeleniumDemo.SpecFlow", "SeleniumDemo.SpecFlow\SeleniumDemo.SpecFlow.csproj", "{6EDBF251-B072-4493-BDF1-B91141855E47}"
EndProject
Project("{FAE04EC0-301F-11D3-BF4B-00C04F79EFBC}") = "Playwright.POM", "Playwright.POM\Playwright.POM.csproj", "{53174B35-4C9B-4D9F-A5F9-989E3F728189}"
EndProject
Project("{FAE04EC0-301F-11D3-BF4B-00C04F79EFBC}") = "Playwright.Specflow", "Playwright.Specflow\Playwright.Specflow.csproj", "{7A1E6AA1-54DF-49EB-BE87-10CE2184990E}"
EndProject
Global
	GlobalSection(SolutionConfigurationPlatforms) = preSolution
		Debug|Any CPU = Debug|Any CPU
		Release|Any CPU = Release|Any CPU
	EndGlobalSection
	GlobalSection(ProjectConfigurationPlatforms) = postSolution
		{089312DA-1415-4A33-A522-CE6BA6C03037}.Debug|Any CPU.ActiveCfg = Debug|Any CPU
		{089312DA-1415-4A33-A522-CE6BA6C03037}.Debug|Any CPU.Build.0 = Debug|Any CPU
		{089312DA-1415-4A33-A522-CE6BA6C03037}.Release|Any CPU.ActiveCfg = Release|Any CPU
		{089312DA-1415-4A33-A522-CE6BA6C03037}.Release|Any CPU.Build.0 = Release|Any CPU
		{58E11985-9793-4409-AD9C-7701943C2359}.Debug|Any CPU.ActiveCfg = Debug|Any CPU
		{58E11985-9793-4409-AD9C-7701943C2359}.Debug|Any CPU.Build.0 = Debug|Any CPU
		{58E11985-9793-4409-AD9C-7701943C2359}.Release|Any CPU.ActiveCfg = Release|Any CPU
		{58E11985-9793-4409-AD9C-7701943C2359}.Release|Any CPU.Build.0 = Release|Any CPU
		{6EDBF251-B072-4493-BDF1-B91141855E47}.Debug|Any CPU.ActiveCfg = Debug|Any CPU
		{6EDBF251-B072-4493-BDF1-B91141855E47}.Debug|Any CPU.Build.0 = Debug|Any CPU
		{6EDBF251-B072-4493-BDF1-B91141855E47}.Release|Any CPU.ActiveCfg = Release|Any CPU
		{6EDBF251-B072-4493-BDF1-B91141855E47}.Release|Any CPU.Build.0 = Release|Any CPU
		{53174B35-4C9B-4D9F-A5F9-989E3F728189}.Debug|Any CPU.ActiveCfg = Debug|Any CPU
		{53174B35-4C9B-4D9F-A5F9-989E3F728189}.Debug|Any CPU.Build.0 = Debug|Any CPU
		{53174B35-4C9B-4D9F-A5F9-989E3F728189}.Release|Any CPU.ActiveCfg = Release|Any CPU
		{53174B35-4C9B-4D9F-A5F9-989E3F728189}.Release|Any CPU.Build.0 = Release|Any CPU
		{7A1E6AA1-54DF-49EB-BE87-10CE2184990E}.Debug|Any CPU.ActiveCfg = Debug|Any CPU
		{7A1E6AA1-54DF-49EB-BE87-10CE2184990E}.Debug|Any CPU.Build.0 = Debug|Any CPU
		{7A1E6AA1-54DF-49EB-BE87-10CE2184990E}.Release|Any CPU.ActiveCfg = Release|Any CPU
		{7A1E6AA1-54DF-49EB-BE87-10CE2184990E}.Release|Any CPU.Build.0 = Release|Any CPU
	EndGlobalSection
	GlobalSection(SolutionProperties) = preSolution
		HideSolutionNode = FALSE
	EndGlobalSection
	GlobalSection(ExtensibilityGlobals) = postSolution
		SolutionGuid = {BC1E8F27-21F3-4278-B4AF-24D9A08D57D7}
	EndGlobalSection
EndGlobal
